
Microsoft Visual Studio Solution File, Format Version 12.00
# Visual Studio Version 16
VisualStudioVersion = 16.0.29613.14
MinimumVisualStudioVersion = 10.0.40219.1
Project("{9A19103F-16F7-4668-BE54-9A1E7A4F7556}") = "Catalog.API", "Catalog\Catalog.API\Catalog.API.csproj", "{6849E026-CCAF-40C6-8FD4-826D771A4D44}"
EndProject
Project("{2150E333-8FDC-42A3-9474-1A3956D46DE8}") = "src", "src", "{27888682-D235-4438-8911-40357D2C35E5}"
EndProject
Project("{2150E333-8FDC-42A3-9474-1A3956D46DE8}") = "Catalog", "Catalog", "{F48EC0E7-7C6B-471B-8A38-2D631724E211}"
EndProject
Project("{2150E333-8FDC-42A3-9474-1A3956D46DE8}") = "Bascket", "Bascket", "{6E06A9E3-F348-4AB6-848F-A576AC31A652}"
EndProject
Project("{9A19103F-16F7-4668-BE54-9A1E7A4F7556}") = "Basket.API", "Basket\Basket.API\Basket.API.csproj", "{5A652F2B-CC5F-4F1F-9A4A-9E6A5DF708E8}"
EndProject
Project("{E53339B2-1760-4266-BCC7-CA923CBCF16C}") = "docker-compose", "docker-compose.dcproj", "{26EA22E6-4762-4A4C-A74C-0DD65204E524}"
EndProject
Project("{2150E333-8FDC-42A3-9474-1A3956D46DE8}") = "Common", "Common", "{C8150662-9051-4CA3-93C1-710096F223DF}"
EndProject
Project("{9A19103F-16F7-4668-BE54-9A1E7A4F7556}") = "EventBusRabbitMQ", "Common\EventBusRabbitMQ\EventBusRabbitMQ.csproj", "{42121CE7-21CA-456E-8713-287C2507EAD4}"
EndProject
Project("{2150E333-8FDC-42A3-9474-1A3956D46DE8}") = "Ordering", "Ordering", "{2ED0EF13-CEAD-4A50-AB5B-0EF371A16B8D}"
EndProject
Project("{9A19103F-16F7-4668-BE54-9A1E7A4F7556}") = "Ordering.API", "Ordering\Ordering.API\Ordering.API.csproj", "{ACAC673C-422A-4E38-99F8-7301B631F2C1}"
EndProject
Project("{9A19103F-16F7-4668-BE54-9A1E7A4F7556}") = "Ordering.Core", "Ordering\Ordering.Core\Ordering.Core.csproj", "{67C07227-3FAC-4EF6-BAB3-20F2496A19E0}"
EndProject
Project("{9A19103F-16F7-4668-BE54-9A1E7A4F7556}") = "Ordering.Infrastructure", "Ordering\Ordering.Infrastructure\Ordering.Infrastructure.csproj", "{EC313AF0-E80F-404E-B681-5FBB361C68B0}"
EndProject
Project("{9A19103F-16F7-4668-BE54-9A1E7A4F7556}") = "Ordering.Application", "Ordering\Ordering.Application\Ordering.Application.csproj", "{840DE4E6-C4DD-491F-A429-6E8B205E57C6}"
EndProject
Project("{2150E333-8FDC-42A3-9474-1A3956D46DE8}") = "ApiGW", "ApiGW", "{73289F73-6710-4F12-94C6-59C3C604A897}"
EndProject
Project("{FAE04EC0-301F-11D3-BF4B-00C04F79EFBC}") = "OCelotAPIGateway", "APIGW\OCelotAPIGateway\OCelotAPIGateway.csproj", "{6E33B2A4-0188-4902-8B11-1A6806BCFE2D}"
EndProject
Project("{2150E333-8FDC-42A3-9474-1A3956D46DE8}") = "WebApp", "WebApp", "{A56D57E2-3074-494C-AD9C-D1CF54E1AD42}"
EndProject
Project("{9A19103F-16F7-4668-BE54-9A1E7A4F7556}") = "AspnetRunBasics", "WebApp\AspnetRunBasics\AspnetRunBasics.csproj", "{82AB5D44-357B-40D7-BC76-E2C4AF68B187}"
EndProject
Global
	GlobalSection(SolutionConfigurationPlatforms) = preSolution
		Debug|Any CPU = Debug|Any CPU
		Release|Any CPU = Release|Any CPU
	EndGlobalSection
	GlobalSection(ProjectConfigurationPlatforms) = postSolution
		{6849E026-CCAF-40C6-8FD4-826D771A4D44}.Debug|Any CPU.ActiveCfg = Debug|Any CPU
		{6849E026-CCAF-40C6-8FD4-826D771A4D44}.Debug|Any CPU.Build.0 = Debug|Any CPU
		{6849E026-CCAF-40C6-8FD4-826D771A4D44}.Release|Any CPU.ActiveCfg = Release|Any CPU
		{6849E026-CCAF-40C6-8FD4-826D771A4D44}.Release|Any CPU.Build.0 = Release|Any CPU
		{5A652F2B-CC5F-4F1F-9A4A-9E6A5DF708E8}.Debug|Any CPU.ActiveCfg = Debug|Any CPU
		{5A652F2B-CC5F-4F1F-9A4A-9E6A5DF708E8}.Debug|Any CPU.Build.0 = Debug|Any CPU
		{5A652F2B-CC5F-4F1F-9A4A-9E6A5DF708E8}.Release|Any CPU.ActiveCfg = Release|Any CPU
		{5A652F2B-CC5F-4F1F-9A4A-9E6A5DF708E8}.Release|Any CPU.Build.0 = Release|Any CPU
		{26EA22E6-4762-4A4C-A74C-0DD65204E524}.Debug|Any CPU.ActiveCfg = Debug|Any CPU
		{26EA22E6-4762-4A4C-A74C-0DD65204E524}.Debug|Any CPU.Build.0 = Debug|Any CPU
		{26EA22E6-4762-4A4C-A74C-0DD65204E524}.Release|Any CPU.ActiveCfg = Release|Any CPU
		{26EA22E6-4762-4A4C-A74C-0DD65204E524}.Release|Any CPU.Build.0 = Release|Any CPU
		{42121CE7-21CA-456E-8713-287C2507EAD4}.Debug|Any CPU.ActiveCfg = Debug|Any CPU
		{42121CE7-21CA-456E-8713-287C2507EAD4}.Debug|Any CPU.Build.0 = Debug|Any CPU
		{42121CE7-21CA-456E-8713-287C2507EAD4}.Release|Any CPU.ActiveCfg = Release|Any CPU
		{42121CE7-21CA-456E-8713-287C2507EAD4}.Release|Any CPU.Build.0 = Release|Any CPU
		{ACAC673C-422A-4E38-99F8-7301B631F2C1}.Debug|Any CPU.ActiveCfg = Debug|Any CPU
		{ACAC673C-422A-4E38-99F8-7301B631F2C1}.Debug|Any CPU.Build.0 = Debug|Any CPU
		{ACAC673C-422A-4E38-99F8-7301B631F2C1}.Release|Any CPU.ActiveCfg = Release|Any CPU
		{ACAC673C-422A-4E38-99F8-7301B631F2C1}.Release|Any CPU.Build.0 = Release|Any CPU
		{67C07227-3FAC-4EF6-BAB3-20F2496A19E0}.Debug|Any CPU.ActiveCfg = Debug|Any CPU
		{67C07227-3FAC-4EF6-BAB3-20F2496A19E0}.Debug|Any CPU.Build.0 = Debug|Any CPU
		{67C07227-3FAC-4EF6-BAB3-20F2496A19E0}.Release|Any CPU.ActiveCfg = Release|Any CPU
		{67C07227-3FAC-4EF6-BAB3-20F2496A19E0}.Release|Any CPU.Build.0 = Release|Any CPU
		{EC313AF0-E80F-404E-B681-5FBB361C68B0}.Debug|Any CPU.ActiveCfg = Debug|Any CPU
		{EC313AF0-E80F-404E-B681-5FBB361C68B0}.Debug|Any CPU.Build.0 = Debug|Any CPU
		{EC313AF0-E80F-404E-B681-5FBB361C68B0}.Release|Any CPU.ActiveCfg = Release|Any CPU
		{EC313AF0-E80F-404E-B681-5FBB361C68B0}.Release|Any CPU.Build.0 = Release|Any CPU
		{840DE4E6-C4DD-491F-A429-6E8B205E57C6}.Debug|Any CPU.ActiveCfg = Debug|Any CPU
		{840DE4E6-C4DD-491F-A429-6E8B205E57C6}.Debug|Any CPU.Build.0 = Debug|Any CPU
		{840DE4E6-C4DD-491F-A429-6E8B205E57C6}.Release|Any CPU.ActiveCfg = Release|Any CPU
		{840DE4E6-C4DD-491F-A429-6E8B205E57C6}.Release|Any CPU.Build.0 = Release|Any CPU
		{6E33B2A4-0188-4902-8B11-1A6806BCFE2D}.Debug|Any CPU.ActiveCfg = Debug|Any CPU
		{6E33B2A4-0188-4902-8B11-1A6806BCFE2D}.Debug|Any CPU.Build.0 = Debug|Any CPU
		{6E33B2A4-0188-4902-8B11-1A6806BCFE2D}.Release|Any CPU.ActiveCfg = Release|Any CPU
		{6E33B2A4-0188-4902-8B11-1A6806BCFE2D}.Release|Any CPU.Build.0 = Release|Any CPU
		{82AB5D44-357B-40D7-BC76-E2C4AF68B187}.Debug|Any CPU.ActiveCfg = Debug|Any CPU
		{82AB5D44-357B-40D7-BC76-E2C4AF68B187}.Debug|Any CPU.Build.0 = Debug|Any CPU
		{82AB5D44-357B-40D7-BC76-E2C4AF68B187}.Release|Any CPU.ActiveCfg = Release|Any CPU
		{82AB5D44-357B-40D7-BC76-E2C4AF68B187}.Release|Any CPU.Build.0 = Release|Any CPU
	EndGlobalSection
	GlobalSection(SolutionProperties) = preSolution
		HideSolutionNode = FALSE
	EndGlobalSection
	GlobalSection(NestedProjects) = preSolution
		{6849E026-CCAF-40C6-8FD4-826D771A4D44} = {F48EC0E7-7C6B-471B-8A38-2D631724E211}
		{F48EC0E7-7C6B-471B-8A38-2D631724E211} = {27888682-D235-4438-8911-40357D2C35E5}
		{6E06A9E3-F348-4AB6-848F-A576AC31A652} = {27888682-D235-4438-8911-40357D2C35E5}
		{5A652F2B-CC5F-4F1F-9A4A-9E6A5DF708E8} = {6E06A9E3-F348-4AB6-848F-A576AC31A652}
		{C8150662-9051-4CA3-93C1-710096F223DF} = {27888682-D235-4438-8911-40357D2C35E5}
		{42121CE7-21CA-456E-8713-287C2507EAD4} = {C8150662-9051-4CA3-93C1-710096F223DF}
		{2ED0EF13-CEAD-4A50-AB5B-0EF371A16B8D} = {27888682-D235-4438-8911-40357D2C35E5}
		{ACAC673C-422A-4E38-99F8-7301B631F2C1} = {2ED0EF13-CEAD-4A50-AB5B-0EF371A16B8D}
		{67C07227-3FAC-4EF6-BAB3-20F2496A19E0} = {2ED0EF13-CEAD-4A50-AB5B-0EF371A16B8D}
		{EC313AF0-E80F-404E-B681-5FBB361C68B0} = {2ED0EF13-CEAD-4A50-AB5B-0EF371A16B8D}
		{840DE4E6-C4DD-491F-A429-6E8B205E57C6} = {2ED0EF13-CEAD-4A50-AB5B-0EF371A16B8D}
		{73289F73-6710-4F12-94C6-59C3C604A897} = {27888682-D235-4438-8911-40357D2C35E5}
		{6E33B2A4-0188-4902-8B11-1A6806BCFE2D} = {73289F73-6710-4F12-94C6-59C3C604A897}
		{A56D57E2-3074-494C-AD9C-D1CF54E1AD42} = {27888682-D235-4438-8911-40357D2C35E5}
		{82AB5D44-357B-40D7-BC76-E2C4AF68B187} = {A56D57E2-3074-494C-AD9C-D1CF54E1AD42}
	EndGlobalSection
	GlobalSection(ExtensibilityGlobals) = postSolution
		SolutionGuid = {C3A43BDA-DFAB-455E-943C-6D8227B0C47C}
	EndGlobalSection
EndGlobal
